
Microsoft Visual Studio Solution File, Format Version 12.00
# Visual Studio Version 16
VisualStudioVersion = 16.0.30204.135
MinimumVisualStudioVersion = 10.0.40219.1
Project("{FAE04EC0-301F-11D3-BF4B-00C04F79EFBC}") = "CodeGenerator", "CodeGenerator\CodeGenerator.csproj", "{0B617787-D62D-4344-A127-86E5D9B6100A}"
EndProject
Global
	GlobalSection(SolutionConfigurationPlatforms) = preSolution
		Debug|Any CPU = Debug|Any CPU
		Release|Any CPU = Release|Any CPU
	EndGlobalSection
	GlobalSection(ProjectConfigurationPlatforms) = postSolution
		{0B617787-D62D-4344-A127-86E5D9B6100A}.Debug|Any CPU.ActiveCfg = Debug|Any CPU
		{0B617787-D62D-4344-A127-86E5D9B6100A}.Debug|Any CPU.Build.0 = Debug|Any CPU
		{0B617787-D62D-4344-A127-86E5D9B6100A}.Release|Any CPU.ActiveCfg = Release|Any CPU
		{0B617787-D62D-4344-A127-86E5D9B6100A}.Release|Any CPU.Build.0 = Release|Any CPU
	EndGlobalSection
	GlobalSection(SolutionProperties) = preSolution
		HideSolutionNode = FALSE
	EndGlobalSection
	GlobalSection(ExtensibilityGlobals) = postSolution
		SolutionGuid = {72E0854F-C04E-403E-8EB5-051F7CD8C8A7}
	EndGlobalSection
EndGlobal
